
Microsoft Visual Studio Solution File, Format Version 12.00
# Visual Studio 15
VisualStudioVersion = 15.0.26124.0
MinimumVisualStudioVersion = 15.0.26124.0
Project("{FAE04EC0-301F-11D3-BF4B-00C04F79EFBC}") = "person-api", "person-api\person-api.csproj", "{54069B6D-0A5A-4388-8CEC-ABF6963CE586}"
EndProject
Project("{FAE04EC0-301F-11D3-BF4B-00C04F79EFBC}") = "person-console", "person-console\person-console.csproj", "{8661F3B4-4ED3-48E9-8953-ED0B475D1260}"
EndProject
Global
	GlobalSection(SolutionConfigurationPlatforms) = preSolution
		Debug|Any CPU = Debug|Any CPU
		Debug|x64 = Debug|x64
		Debug|x86 = Debug|x86
		Release|Any CPU = Release|Any CPU
		Release|x64 = Release|x64
		Release|x86 = Release|x86
	EndGlobalSection
	GlobalSection(SolutionProperties) = preSolution
		HideSolutionNode = FALSE
	EndGlobalSection
	GlobalSection(ProjectConfigurationPlatforms) = postSolution
		{54069B6D-0A5A-4388-8CEC-ABF6963CE586}.Debug|Any CPU.ActiveCfg = Debug|Any CPU
		{54069B6D-0A5A-4388-8CEC-ABF6963CE586}.Debug|Any CPU.Build.0 = Debug|Any CPU
		{54069B6D-0A5A-4388-8CEC-ABF6963CE586}.Debug|x64.ActiveCfg = Debug|Any CPU
		{54069B6D-0A5A-4388-8CEC-ABF6963CE586}.Debug|x64.Build.0 = Debug|Any CPU
		{54069B6D-0A5A-4388-8CEC-ABF6963CE586}.Debug|x86.ActiveCfg = Debug|Any CPU
		{54069B6D-0A5A-4388-8CEC-ABF6963CE586}.Debug|x86.Build.0 = Debug|Any CPU
		{54069B6D-0A5A-4388-8CEC-ABF6963CE586}.Release|Any CPU.ActiveCfg = Release|Any CPU
		{54069B6D-0A5A-4388-8CEC-ABF6963CE586}.Release|Any CPU.Build.0 = Release|Any CPU
		{54069B6D-0A5A-4388-8CEC-ABF6963CE586}.Release|x64.ActiveCfg = Release|Any CPU
		{54069B6D-0A5A-4388-8CEC-ABF6963CE586}.Release|x64.Build.0 = Release|Any CPU
		{54069B6D-0A5A-4388-8CEC-ABF6963CE586}.Release|x86.ActiveCfg = Release|Any CPU
		{54069B6D-0A5A-4388-8CEC-ABF6963CE586}.Release|x86.Build.0 = Release|Any CPU
		{8661F3B4-4ED3-48E9-8953-ED0B475D1260}.Debug|Any CPU.ActiveCfg = Debug|Any CPU
		{8661F3B4-4ED3-48E9-8953-ED0B475D1260}.Debug|Any CPU.Build.0 = Debug|Any CPU
		{8661F3B4-4ED3-48E9-8953-ED0B475D1260}.Debug|x64.ActiveCfg = Debug|Any CPU
		{8661F3B4-4ED3-48E9-8953-ED0B475D1260}.Debug|x64.Build.0 = Debug|Any CPU
		{8661F3B4-4ED3-48E9-8953-ED0B475D1260}.Debug|x86.ActiveCfg = Debug|Any CPU
		{8661F3B4-4ED3-48E9-8953-ED0B475D1260}.Debug|x86.Build.0 = Debug|Any CPU
		{8661F3B4-4ED3-48E9-8953-ED0B475D1260}.Release|Any CPU.ActiveCfg = Release|Any CPU
		{8661F3B4-4ED3-48E9-8953-ED0B475D1260}.Release|Any CPU.Build.0 = Release|Any CPU
		{8661F3B4-4ED3-48E9-8953-ED0B475D1260}.Release|x64.ActiveCfg = Release|Any CPU
		{8661F3B4-4ED3-48E9-8953-ED0B475D1260}.Release|x64.Build.0 = Release|Any CPU
		{8661F3B4-4ED3-48E9-8953-ED0B475D1260}.Release|x86.ActiveCfg = Release|Any CPU
		{8661F3B4-4ED3-48E9-8953-ED0B475D1260}.Release|x86.Build.0 = Release|Any CPU
	EndGlobalSection
EndGlobal
